
Microsoft Visual Studio Solution File, Format Version 12.00
# Visual Studio Version 16
VisualStudioVersion = 16.0.31019.35
MinimumVisualStudioVersion = 10.0.40219.1
Project("{FAE04EC0-301F-11D3-BF4B-00C04F79EFBC}") = "MineChat.Android", "MineChat\MineChat.Android\MineChat.Android.csproj", "{32CE073C-7AAC-4191-816A-878CF072AFEA}"
EndProject
Project("{FAE04EC0-301F-11D3-BF4B-00C04F79EFBC}") = "MineChat.iOS", "MineChat\MineChat.iOS\MineChat.iOS.csproj", "{BE7AB19A-AF93-41FC-9A30-4F0607A1FF9C}"
EndProject
Project("{9A19103F-16F7-4668-BE54-9A1E7A4F7556}") = "MineChat", "MineChat\MineChat\MineChat.csproj", "{986E0919-8814-43E7-B2D1-042C6F2BA266}"
EndProject
Project("{9A19103F-16F7-4668-BE54-9A1E7A4F7556}") = "MineChatAPI", "MineChat\MineChatAPI\MineChatAPI\MineChatAPI.csproj", "{B9E91D2A-B189-4FB8-9954-EC500B867912}"
EndProject
Global
	GlobalSection(SolutionConfigurationPlatforms) = preSolution
		DebugAndroid|Any CPU = DebugAndroid|Any CPU
		DebugAndroid|iPhone = DebugAndroid|iPhone
		DebugAndroid|iPhoneSimulator = DebugAndroid|iPhoneSimulator
		DebugAndroidLite|Any CPU = DebugAndroidLite|Any CPU
		DebugAndroidLite|iPhone = DebugAndroidLite|iPhone
		DebugAndroidLite|iPhoneSimulator = DebugAndroidLite|iPhoneSimulator
		DebugiOS|Any CPU = DebugiOS|Any CPU
		DebugiOS|iPhone = DebugiOS|iPhone
		DebugiOS|iPhoneSimulator = DebugiOS|iPhoneSimulator
		DebugLiteiOS|Any CPU = DebugLiteiOS|Any CPU
		DebugLiteiOS|iPhone = DebugLiteiOS|iPhone
		DebugLiteiOS|iPhoneSimulator = DebugLiteiOS|iPhoneSimulator
		ReleaseAndroid|Any CPU = ReleaseAndroid|Any CPU
		ReleaseAndroid|iPhone = ReleaseAndroid|iPhone
		ReleaseAndroid|iPhoneSimulator = ReleaseAndroid|iPhoneSimulator
		ReleaseAndroidLite|Any CPU = ReleaseAndroidLite|Any CPU
		ReleaseAndroidLite|iPhone = ReleaseAndroidLite|iPhone
		ReleaseAndroidLite|iPhoneSimulator = ReleaseAndroidLite|iPhoneSimulator
		ReleaseiOS|Any CPU = ReleaseiOS|Any CPU
		ReleaseiOS|iPhone = ReleaseiOS|iPhone
		ReleaseiOS|iPhoneSimulator = ReleaseiOS|iPhoneSimulator
		ReleaseLiteiOS|Any CPU = ReleaseLiteiOS|Any CPU
		ReleaseLiteiOS|iPhone = ReleaseLiteiOS|iPhone
		ReleaseLiteiOS|iPhoneSimulator = ReleaseLiteiOS|iPhoneSimulator
	EndGlobalSection
	GlobalSection(ProjectConfigurationPlatforms) = postSolution
		{32CE073C-7AAC-4191-816A-878CF072AFEA}.DebugAndroid|Any CPU.ActiveCfg = DebugAndroid|Any CPU
		{32CE073C-7AAC-4191-816A-878CF072AFEA}.DebugAndroid|Any CPU.Build.0 = DebugAndroid|Any CPU
		{32CE073C-7AAC-4191-816A-878CF072AFEA}.DebugAndroid|Any CPU.Deploy.0 = DebugAndroid|Any CPU
		{32CE073C-7AAC-4191-816A-878CF072AFEA}.DebugAndroid|iPhone.ActiveCfg = DebugAndroid|Any CPU
		{32CE073C-7AAC-4191-816A-878CF072AFEA}.DebugAndroid|iPhone.Build.0 = DebugAndroid|Any CPU
		{32CE073C-7AAC-4191-816A-878CF072AFEA}.DebugAndroid|iPhone.Deploy.0 = DebugAndroid|Any CPU
		{32CE073C-7AAC-4191-816A-878CF072AFEA}.DebugAndroid|iPhoneSimulator.ActiveCfg = DebugAndroid|Any CPU
		{32CE073C-7AAC-4191-816A-878CF072AFEA}.DebugAndroid|iPhoneSimulator.Build.0 = DebugAndroid|Any CPU
		{32CE073C-7AAC-4191-816A-878CF072AFEA}.DebugAndroid|iPhoneSimulator.Deploy.0 = DebugAndroid|Any CPU
		{32CE073C-7AAC-4191-816A-878CF072AFEA}.DebugAndroidLite|Any CPU.ActiveCfg = DebugAndroidLite|Any CPU
		{32CE073C-7AAC-4191-816A-878CF072AFEA}.DebugAndroidLite|Any CPU.Build.0 = DebugAndroidLite|Any CPU
		{32CE073C-7AAC-4191-816A-878CF072AFEA}.DebugAndroidLite|Any CPU.Deploy.0 = DebugAndroidLite|Any CPU
		{32CE073C-7AAC-4191-816A-878CF072AFEA}.DebugAndroidLite|iPhone.ActiveCfg = DebugAndroidLite|Any CPU
		{32CE073C-7AAC-4191-816A-878CF072AFEA}.DebugAndroidLite|iPhone.Build.0 = DebugAndroidLite|Any CPU
		{32CE073C-7AAC-4191-816A-878CF072AFEA}.DebugAndroidLite|iPhone.Deploy.0 = DebugAndroidLite|Any CPU
		{32CE073C-7AAC-4191-816A-878CF072AFEA}.DebugAndroidLite|iPhoneSimulator.ActiveCfg = DebugAndroidLite|Any CPU
		{32CE073C-7AAC-4191-816A-878CF072AFEA}.DebugAndroidLite|iPhoneSimulator.Build.0 = DebugAndroidLite|Any CPU
		{32CE073C-7AAC-4191-816A-878CF072AFEA}.DebugAndroidLite|iPhoneSimulator.Deploy.0 = DebugAndroidLite|Any CPU
		{32CE073C-7AAC-4191-816A-878CF072AFEA}.DebugiOS|Any CPU.ActiveCfg = DebugiOS|Any CPU
		{32CE073C-7AAC-4191-816A-878CF072AFEA}.DebugiOS|Any CPU.Build.0 = DebugiOS|Any CPU
		{32CE073C-7AAC-4191-816A-878CF072AFEA}.DebugiOS|Any CPU.Deploy.0 = DebugiOS|Any CPU
		{32CE073C-7AAC-4191-816A-878CF072AFEA}.DebugiOS|iPhone.ActiveCfg = DebugiOS|Any CPU
		{32CE073C-7AAC-4191-816A-878CF072AFEA}.DebugiOS|iPhoneSimulator.ActiveCfg = DebugiOS|Any CPU
		{32CE073C-7AAC-4191-816A-878CF072AFEA}.DebugLiteiOS|Any CPU.ActiveCfg = DebugLiteiOS|Any CPU
		{32CE073C-7AAC-4191-816A-878CF072AFEA}.DebugLiteiOS|Any CPU.Deploy.0 = DebugLiteiOS|Any CPU
		{32CE073C-7AAC-4191-816A-878CF072AFEA}.DebugLiteiOS|iPhone.ActiveCfg = DebugLiteiOS|Any CPU
		{32CE073C-7AAC-4191-816A-878CF072AFEA}.DebugLiteiOS|iPhone.Build.0 = DebugLiteiOS|Any CPU
		{32CE073C-7AAC-4191-816A-878CF072AFEA}.DebugLiteiOS|iPhone.Deploy.0 = DebugLiteiOS|Any CPU
		{32CE073C-7AAC-4191-816A-878CF072AFEA}.DebugLiteiOS|iPhoneSimulator.ActiveCfg = DebugLiteiOS|Any CPU
		{32CE073C-7AAC-4191-816A-878CF072AFEA}.ReleaseAndroid|Any CPU.ActiveCfg = ReleaseAndroid|Any CPU
		{32CE073C-7AAC-4191-816A-878CF072AFEA}.ReleaseAndroid|Any CPU.Build.0 = ReleaseAndroid|Any CPU
		{32CE073C-7AAC-4191-816A-878CF072AFEA}.ReleaseAndroid|Any CPU.Deploy.0 = ReleaseAndroid|Any CPU
		{32CE073C-7AAC-4191-816A-878CF072AFEA}.ReleaseAndroid|iPhone.ActiveCfg = ReleaseAndroid|Any CPU
		{32CE073C-7AAC-4191-816A-878CF072AFEA}.ReleaseAndroid|iPhone.Build.0 = ReleaseAndroid|Any CPU
		{32CE073C-7AAC-4191-816A-878CF072AFEA}.ReleaseAndroid|iPhone.Deploy.0 = ReleaseAndroid|Any CPU
		{32CE073C-7AAC-4191-816A-878CF072AFEA}.ReleaseAndroid|iPhoneSimulator.ActiveCfg = ReleaseAndroid|Any CPU
		{32CE073C-7AAC-4191-816A-878CF072AFEA}.ReleaseAndroid|iPhoneSimulator.Build.0 = ReleaseAndroid|Any CPU
		{32CE073C-7AAC-4191-816A-878CF072AFEA}.ReleaseAndroid|iPhoneSimulator.Deploy.0 = ReleaseAndroid|Any CPU
		{32CE073C-7AAC-4191-816A-878CF072AFEA}.ReleaseAndroidLite|Any CPU.ActiveCfg = ReleaseAndroidLite|Any CPU
		{32CE073C-7AAC-4191-816A-878CF072AFEA}.ReleaseAndroidLite|Any CPU.Build.0 = ReleaseAndroidLite|Any CPU
		{32CE073C-7AAC-4191-816A-878CF072AFEA}.ReleaseAndroidLite|Any CPU.Deploy.0 = ReleaseAndroidLite|Any CPU
		{32CE073C-7AAC-4191-816A-878CF072AFEA}.ReleaseAndroidLite|iPhone.ActiveCfg = ReleaseAndroidLite|Any CPU
		{32CE073C-7AAC-4191-816A-878CF072AFEA}.ReleaseAndroidLite|iPhone.Build.0 = ReleaseAndroidLite|Any CPU
		{32CE073C-7AAC-4191-816A-878CF072AFEA}.ReleaseAndroidLite|iPhone.Deploy.0 = ReleaseAndroidLite|Any CPU
		{32CE073C-7AAC-4191-816A-878CF072AFEA}.ReleaseAndroidLite|iPhoneSimulator.ActiveCfg = ReleaseAndroidLite|Any CPU
		{32CE073C-7AAC-4191-816A-878CF072AFEA}.ReleaseAndroidLite|iPhoneSimulator.Build.0 = ReleaseAndroidLite|Any CPU
		{32CE073C-7AAC-4191-816A-878CF072AFEA}.ReleaseAndroidLite|iPhoneSimulator.Deploy.0 = ReleaseAndroidLite|Any CPU
		{32CE073C-7AAC-4191-816A-878CF072AFEA}.ReleaseiOS|Any CPU.ActiveCfg = ReleaseiOS|Any CPU
		{32CE073C-7AAC-4191-816A-878CF072AFEA}.ReleaseiOS|Any CPU.Build.0 = ReleaseiOS|Any CPU
		{32CE073C-7AAC-4191-816A-878CF072AFEA}.ReleaseiOS|Any CPU.Deploy.0 = ReleaseiOS|Any CPU
		{32CE073C-7AAC-4191-816A-878CF072AFEA}.ReleaseiOS|iPhone.ActiveCfg = ReleaseiOS|Any CPU
		{32CE073C-7AAC-4191-816A-878CF072AFEA}.ReleaseiOS|iPhoneSimulator.ActiveCfg = ReleaseiOS|Any CPU
		{32CE073C-7AAC-4191-816A-878CF072AFEA}.ReleaseiOS|iPhoneSimulator.Build.0 = ReleaseiOS|Any CPU
		{32CE073C-7AAC-4191-816A-878CF072AFEA}.ReleaseiOS|iPhoneSimulator.Deploy.0 = ReleaseiOS|Any CPU
		{32CE073C-7AAC-4191-816A-878CF072AFEA}.ReleaseLiteiOS|Any CPU.ActiveCfg = ReleaseLiteiOS|Any CPU
		{32CE073C-7AAC-4191-816A-878CF072AFEA}.ReleaseLiteiOS|Any CPU.Build.0 = ReleaseLiteiOS|Any CPU
		{32CE073C-7AAC-4191-816A-878CF072AFEA}.ReleaseLiteiOS|Any CPU.Deploy.0 = ReleaseLiteiOS|Any CPU
		{32CE073C-7AAC-4191-816A-878CF072AFEA}.ReleaseLiteiOS|iPhone.ActiveCfg = ReleaseLiteiOS|Any CPU
		{32CE073C-7AAC-4191-816A-878CF072AFEA}.ReleaseLiteiOS|iPhoneSimulator.ActiveCfg = ReleaseLiteiOS|Any CPU
		{32CE073C-7AAC-4191-816A-878CF072AFEA}.ReleaseLiteiOS|iPhoneSimulator.Build.0 = ReleaseLiteiOS|Any CPU
		{32CE073C-7AAC-4191-816A-878CF072AFEA}.ReleaseLiteiOS|iPhoneSimulator.Deploy.0 = ReleaseLiteiOS|Any CPU
		{BE7AB19A-AF93-41FC-9A30-4F0607A1FF9C}.DebugAndroid|Any CPU.ActiveCfg = DebugAndroid|iPhone
		{BE7AB19A-AF93-41FC-9A30-4F0607A1FF9C}.DebugAndroid|iPhone.ActiveCfg = DebugAndroid|iPhone
		{BE7AB19A-AF93-41FC-9A30-4F0607A1FF9C}.DebugAndroid|iPhoneSimulator.ActiveCfg = DebugAndroid|iPhoneSimulator
		{BE7AB19A-AF93-41FC-9A30-4F0607A1FF9C}.DebugAndroidLite|Any CPU.ActiveCfg = DebugAndroidLite|iPhone
		{BE7AB19A-AF93-41FC-9A30-4F0607A1FF9C}.DebugAndroidLite|iPhone.ActiveCfg = DebugAndroidLite|iPhone
		{BE7AB19A-AF93-41FC-9A30-4F0607A1FF9C}.DebugAndroidLite|iPhoneSimulator.ActiveCfg = DebugAndroidLite|iPhoneSimulator
		{BE7AB19A-AF93-41FC-9A30-4F0607A1FF9C}.DebugiOS|Any CPU.ActiveCfg = DebugiOS|iPhone
		{BE7AB19A-AF93-41FC-9A30-4F0607A1FF9C}.DebugiOS|iPhone.ActiveCfg = DebugiOS|iPhone
		{BE7AB19A-AF93-41FC-9A30-4F0607A1FF9C}.DebugiOS|iPhone.Build.0 = DebugiOS|iPhone
		{BE7AB19A-AF93-41FC-9A30-4F0607A1FF9C}.DebugiOS|iPhoneSimulator.ActiveCfg = DebugiOS|iPhoneSimulator
		{BE7AB19A-AF93-41FC-9A30-4F0607A1FF9C}.DebugiOS|iPhoneSimulator.Build.0 = DebugiOS|iPhoneSimulator
		{BE7AB19A-AF93-41FC-9A30-4F0607A1FF9C}.DebugLiteiOS|Any CPU.ActiveCfg = DebugLiteiOS|iPhone
		{BE7AB19A-AF93-41FC-9A30-4F0607A1FF9C}.DebugLiteiOS|iPhone.ActiveCfg = DebugLiteiOS|iPhone
		{BE7AB19A-AF93-41FC-9A30-4F0607A1FF9C}.DebugLiteiOS|iPhone.Build.0 = DebugLiteiOS|iPhone
		{BE7AB19A-AF93-41FC-9A30-4F0607A1FF9C}.DebugLiteiOS|iPhoneSimulator.ActiveCfg = DebugLiteiOS|iPhoneSimulator
		{BE7AB19A-AF93-41FC-9A30-4F0607A1FF9C}.DebugLiteiOS|iPhoneSimulator.Build.0 = DebugLiteiOS|iPhoneSimulator
		{BE7AB19A-AF93-41FC-9A30-4F0607A1FF9C}.ReleaseAndroid|Any CPU.ActiveCfg = ReleaseAndroid|iPhone
		{BE7AB19A-AF93-41FC-9A30-4F0607A1FF9C}.ReleaseAndroid|iPhone.ActiveCfg = ReleaseAndroid|iPhone
		{BE7AB19A-AF93-41FC-9A30-4F0607A1FF9C}.ReleaseAndroid|iPhoneSimulator.ActiveCfg = ReleaseAndroid|iPhoneSimulator
		{BE7AB19A-AF93-41FC-9A30-4F0607A1FF9C}.ReleaseAndroidLite|Any CPU.ActiveCfg = ReleaseAndroidLite|iPhone
		{BE7AB19A-AF93-41FC-9A30-4F0607A1FF9C}.ReleaseAndroidLite|iPhone.ActiveCfg = ReleaseAndroidLite|iPhone
		{BE7AB19A-AF93-41FC-9A30-4F0607A1FF9C}.ReleaseAndroidLite|iPhoneSimulator.ActiveCfg = ReleaseAndroidLite|iPhoneSimulator
		{BE7AB19A-AF93-41FC-9A30-4F0607A1FF9C}.ReleaseiOS|Any CPU.ActiveCfg = ReleaseiOS|iPhone
		{BE7AB19A-AF93-41FC-9A30-4F0607A1FF9C}.ReleaseiOS|iPhone.ActiveCfg = ReleaseiOS|iPhone
		{BE7AB19A-AF93-41FC-9A30-4F0607A1FF9C}.ReleaseiOS|iPhone.Build.0 = ReleaseiOS|iPhone
		{BE7AB19A-AF93-41FC-9A30-4F0607A1FF9C}.ReleaseiOS|iPhoneSimulator.ActiveCfg = ReleaseiOS|iPhoneSimulator
		{BE7AB19A-AF93-41FC-9A30-4F0607A1FF9C}.ReleaseiOS|iPhoneSimulator.Build.0 = ReleaseiOS|iPhoneSimulator
		{BE7AB19A-AF93-41FC-9A30-4F0607A1FF9C}.ReleaseLiteiOS|Any CPU.ActiveCfg = ReleaseLiteiOS|iPhone
		{BE7AB19A-AF93-41FC-9A30-4F0607A1FF9C}.ReleaseLiteiOS|iPhone.ActiveCfg = ReleaseLiteiOS|iPhone
		{BE7AB19A-AF93-41FC-9A30-4F0607A1FF9C}.ReleaseLiteiOS|iPhone.Build.0 = ReleaseLiteiOS|iPhone
		{BE7AB19A-AF93-41FC-9A30-4F0607A1FF9C}.ReleaseLiteiOS|iPhoneSimulator.ActiveCfg = ReleaseLiteiOS|iPhoneSimulator
		{BE7AB19A-AF93-41FC-9A30-4F0607A1FF9C}.ReleaseLiteiOS|iPhoneSimulator.Build.0 = ReleaseLiteiOS|iPhoneSimulator
		{986E0919-8814-43E7-B2D1-042C6F2BA266}.DebugAndroid|Any CPU.ActiveCfg = DebugAndroid|Any CPU
		{986E0919-8814-43E7-B2D1-042C6F2BA266}.DebugAndroid|Any CPU.Build.0 = DebugAndroid|Any CPU
		{986E0919-8814-43E7-B2D1-042C6F2BA266}.DebugAndroid|iPhone.ActiveCfg = DebugAndroid|Any CPU
		{986E0919-8814-43E7-B2D1-042C6F2BA266}.DebugAndroid|iPhone.Build.0 = DebugAndroid|Any CPU
		{986E0919-8814-43E7-B2D1-042C6F2BA266}.DebugAndroid|iPhoneSimulator.ActiveCfg = DebugAndroid|Any CPU
		{986E0919-8814-43E7-B2D1-042C6F2BA266}.DebugAndroid|iPhoneSimulator.Build.0 = DebugAndroid|Any CPU
		{986E0919-8814-43E7-B2D1-042C6F2BA266}.DebugAndroidLite|Any CPU.ActiveCfg = DebugAndroidLite|Any CPU
		{986E0919-8814-43E7-B2D1-042C6F2BA266}.DebugAndroidLite|Any CPU.Build.0 = DebugAndroidLite|Any CPU
		{986E0919-8814-43E7-B2D1-042C6F2BA266}.DebugAndroidLite|iPhone.ActiveCfg = DebugAndroidLite|Any CPU
		{986E0919-8814-43E7-B2D1-042C6F2BA266}.DebugAndroidLite|iPhone.Build.0 = DebugAndroidLite|Any CPU
		{986E0919-8814-43E7-B2D1-042C6F2BA266}.DebugAndroidLite|iPhoneSimulator.ActiveCfg = DebugAndroidLite|Any CPU
		{986E0919-8814-43E7-B2D1-042C6F2BA266}.DebugAndroidLite|iPhoneSimulator.Build.0 = DebugAndroidLite|Any CPU
		{986E0919-8814-43E7-B2D1-042C6F2BA266}.DebugiOS|Any CPU.ActiveCfg = DebugiOS|Any CPU
		{986E0919-8814-43E7-B2D1-042C6F2BA266}.DebugiOS|Any CPU.Build.0 = DebugiOS|Any CPU
		{986E0919-8814-43E7-B2D1-042C6F2BA266}.DebugiOS|iPhone.ActiveCfg = DebugiOS|Any CPU
		{986E0919-8814-43E7-B2D1-042C6F2BA266}.DebugiOS|iPhone.Build.0 = DebugiOS|Any CPU
		{986E0919-8814-43E7-B2D1-042C6F2BA266}.DebugiOS|iPhoneSimulator.ActiveCfg = DebugiOS|Any CPU
		{986E0919-8814-43E7-B2D1-042C6F2BA266}.DebugiOS|iPhoneSimulator.Build.0 = DebugiOS|Any CPU
		{986E0919-8814-43E7-B2D1-042C6F2BA266}.DebugLiteiOS|Any CPU.ActiveCfg = DebugLiteiOS|Any CPU
		{986E0919-8814-43E7-B2D1-042C6F2BA266}.DebugLiteiOS|Any CPU.Build.0 = DebugLiteiOS|Any CPU
		{986E0919-8814-43E7-B2D1-042C6F2BA266}.DebugLiteiOS|iPhone.ActiveCfg = DebugLiteiOS|Any CPU
		{986E0919-8814-43E7-B2D1-042C6F2BA266}.DebugLiteiOS|iPhone.Build.0 = DebugLiteiOS|Any CPU
		{986E0919-8814-43E7-B2D1-042C6F2BA266}.DebugLiteiOS|iPhoneSimulator.ActiveCfg = DebugLiteiOS|Any CPU
		{986E0919-8814-43E7-B2D1-042C6F2BA266}.DebugLiteiOS|iPhoneSimulator.Build.0 = DebugLiteiOS|Any CPU
		{986E0919-8814-43E7-B2D1-042C6F2BA266}.ReleaseAndroid|Any CPU.ActiveCfg = ReleaseAndroid|Any CPU
		{986E0919-8814-43E7-B2D1-042C6F2BA266}.ReleaseAndroid|Any CPU.Build.0 = ReleaseAndroid|Any CPU
		{986E0919-8814-43E7-B2D1-042C6F2BA266}.ReleaseAndroid|iPhone.ActiveCfg = ReleaseAndroid|Any CPU
		{986E0919-8814-43E7-B2D1-042C6F2BA266}.ReleaseAndroid|iPhone.Build.0 = ReleaseAndroid|Any CPU
		{986E0919-8814-43E7-B2D1-042C6F2BA266}.ReleaseAndroid|iPhoneSimulator.ActiveCfg = ReleaseAndroid|Any CPU
		{986E0919-8814-43E7-B2D1-042C6F2BA266}.ReleaseAndroid|iPhoneSimulator.Build.0 = ReleaseAndroid|Any CPU
		{986E0919-8814-43E7-B2D1-042C6F2BA266}.ReleaseAndroidLite|Any CPU.ActiveCfg = ReleaseAndroidLite|Any CPU
		{986E0919-8814-43E7-B2D1-042C6F2BA266}.ReleaseAndroidLite|Any CPU.Build.0 = ReleaseAndroidLite|Any CPU
		{986E0919-8814-43E7-B2D1-042C6F2BA266}.ReleaseAndroidLite|iPhone.ActiveCfg = ReleaseAndroidLite|Any CPU
		{986E0919-8814-43E7-B2D1-042C6F2BA266}.ReleaseAndroidLite|iPhone.Build.0 = ReleaseAndroidLite|Any CPU
		{986E0919-8814-43E7-B2D1-042C6F2BA266}.ReleaseAndroidLite|iPhoneSimulator.ActiveCfg = ReleaseAndroidLite|Any CPU
		{986E0919-8814-43E7-B2D1-042C6F2BA266}.ReleaseAndroidLite|iPhoneSimulator.Build.0 = ReleaseAndroidLite|Any CPU
		{986E0919-8814-43E7-B2D1-042C6F2BA266}.ReleaseiOS|Any CPU.ActiveCfg = ReleaseiOS|Any CPU
		{986E0919-8814-43E7-B2D1-042C6F2BA266}.ReleaseiOS|Any CPU.Build.0 = ReleaseiOS|Any CPU
		{986E0919-8814-43E7-B2D1-042C6F2BA266}.ReleaseiOS|iPhone.ActiveCfg = ReleaseiOS|Any CPU
		{986E0919-8814-43E7-B2D1-042C6F2BA266}.ReleaseiOS|iPhone.Build.0 = ReleaseiOS|Any CPU
		{986E0919-8814-43E7-B2D1-042C6F2BA266}.ReleaseiOS|iPhoneSimulator.ActiveCfg = ReleaseiOS|Any CPU
		{986E0919-8814-43E7-B2D1-042C6F2BA266}.ReleaseiOS|iPhoneSimulator.Build.0 = ReleaseiOS|Any CPU
		{986E0919-8814-43E7-B2D1-042C6F2BA266}.ReleaseLiteiOS|Any CPU.ActiveCfg = ReleaseLiteiOS|Any CPU
		{986E0919-8814-43E7-B2D1-042C6F2BA266}.ReleaseLiteiOS|Any CPU.Build.0 = ReleaseLiteiOS|Any CPU
		{986E0919-8814-43E7-B2D1-042C6F2BA266}.ReleaseLiteiOS|iPhone.ActiveCfg = ReleaseLiteiOS|Any CPU
		{986E0919-8814-43E7-B2D1-042C6F2BA266}.ReleaseLiteiOS|iPhone.Build.0 = ReleaseLiteiOS|Any CPU
		{986E0919-8814-43E7-B2D1-042C6F2BA266}.ReleaseLiteiOS|iPhoneSimulator.ActiveCfg = ReleaseLiteiOS|Any CPU
		{986E0919-8814-43E7-B2D1-042C6F2BA266}.ReleaseLiteiOS|iPhoneSimulator.Build.0 = ReleaseLiteiOS|Any CPU
		{B9E91D2A-B189-4FB8-9954-EC500B867912}.DebugAndroid|Any CPU.ActiveCfg = DebugAndroid|Any CPU
		{B9E91D2A-B189-4FB8-9954-EC500B867912}.DebugAndroid|Any CPU.Build.0 = DebugAndroid|Any CPU
		{B9E91D2A-B189-4FB8-9954-EC500B867912}.DebugAndroid|iPhone.ActiveCfg = DebugAndroid|Any CPU
		{B9E91D2A-B189-4FB8-9954-EC500B867912}.DebugAndroid|iPhone.Build.0 = DebugAndroid|Any CPU
		{B9E91D2A-B189-4FB8-9954-EC500B867912}.DebugAndroid|iPhoneSimulator.ActiveCfg = DebugAndroid|Any CPU
		{B9E91D2A-B189-4FB8-9954-EC500B867912}.DebugAndroid|iPhoneSimulator.Build.0 = DebugAndroid|Any CPU
		{B9E91D2A-B189-4FB8-9954-EC500B867912}.DebugAndroidLite|Any CPU.ActiveCfg = DebugAndroidLite|Any CPU
		{B9E91D2A-B189-4FB8-9954-EC500B867912}.DebugAndroidLite|Any CPU.Build.0 = DebugAndroidLite|Any CPU
		{B9E91D2A-B189-4FB8-9954-EC500B867912}.DebugAndroidLite|iPhone.ActiveCfg = DebugAndroidLite|Any CPU
		{B9E91D2A-B189-4FB8-9954-EC500B867912}.DebugAndroidLite|iPhone.Build.0 = DebugAndroidLite|Any CPU
		{B9E91D2A-B189-4FB8-9954-EC500B867912}.DebugAndroidLite|iPhoneSimulator.ActiveCfg = DebugAndroidLite|Any CPU
		{B9E91D2A-B189-4FB8-9954-EC500B867912}.DebugAndroidLite|iPhoneSimulator.Build.0 = DebugAndroidLite|Any CPU
		{B9E91D2A-B189-4FB8-9954-EC500B867912}.DebugiOS|Any CPU.ActiveCfg = DebugiOS|Any CPU
		{B9E91D2A-B189-4FB8-9954-EC500B867912}.DebugiOS|Any CPU.Build.0 = DebugiOS|Any CPU
		{B9E91D2A-B189-4FB8-9954-EC500B867912}.DebugiOS|iPhone.ActiveCfg = DebugiOS|Any CPU
		{B9E91D2A-B189-4FB8-9954-EC500B867912}.DebugiOS|iPhone.Build.0 = DebugiOS|Any CPU
		{B9E91D2A-B189-4FB8-9954-EC500B867912}.DebugiOS|iPhoneSimulator.ActiveCfg = DebugiOS|Any CPU
		{B9E91D2A-B189-4FB8-9954-EC500B867912}.DebugiOS|iPhoneSimulator.Build.0 = DebugiOS|Any CPU
		{B9E91D2A-B189-4FB8-9954-EC500B867912}.DebugLiteiOS|Any CPU.ActiveCfg = DebugLiteiOS|Any CPU
		{B9E91D2A-B189-4FB8-9954-EC500B867912}.DebugLiteiOS|Any CPU.Build.0 = DebugLiteiOS|Any CPU
		{B9E91D2A-B189-4FB8-9954-EC500B867912}.DebugLiteiOS|iPhone.ActiveCfg = DebugLiteiOS|Any CPU
		{B9E91D2A-B189-4FB8-9954-EC500B867912}.DebugLiteiOS|iPhone.Build.0 = DebugLiteiOS|Any CPU
		{B9E91D2A-B189-4FB8-9954-EC500B867912}.DebugLiteiOS|iPhoneSimulator.ActiveCfg = DebugLiteiOS|Any CPU
		{B9E91D2A-B189-4FB8-9954-EC500B867912}.DebugLiteiOS|iPhoneSimulator.Build.0 = DebugLiteiOS|Any CPU
		{B9E91D2A-B189-4FB8-9954-EC500B867912}.ReleaseAndroid|Any CPU.ActiveCfg = ReleaseAndroid|Any CPU
		{B9E91D2A-B189-4FB8-9954-EC500B867912}.ReleaseAndroid|Any CPU.Build.0 = ReleaseAndroid|Any CPU
		{B9E91D2A-B189-4FB8-9954-EC500B867912}.ReleaseAndroid|iPhone.ActiveCfg = ReleaseAndroid|Any CPU
		{B9E91D2A-B189-4FB8-9954-EC500B867912}.ReleaseAndroid|iPhone.Build.0 = ReleaseAndroid|Any CPU
		{B9E91D2A-B189-4FB8-9954-EC500B867912}.ReleaseAndroid|iPhoneSimulator.ActiveCfg = ReleaseAndroid|Any CPU
		{B9E91D2A-B189-4FB8-9954-EC500B867912}.ReleaseAndroid|iPhoneSimulator.Build.0 = ReleaseAndroid|Any CPU
		{B9E91D2A-B189-4FB8-9954-EC500B867912}.ReleaseAndroidLite|Any CPU.ActiveCfg = ReleaseAndroidLite|Any CPU
		{B9E91D2A-B189-4FB8-9954-EC500B867912}.ReleaseAndroidLite|Any CPU.Build.0 = ReleaseAndroidLite|Any CPU
		{B9E91D2A-B189-4FB8-9954-EC500B867912}.ReleaseAndroidLite|iPhone.ActiveCfg = ReleaseAndroidLite|Any CPU
		{B9E91D2A-B189-4FB8-9954-EC500B867912}.ReleaseAndroidLite|iPhone.Build.0 = ReleaseAndroidLite|Any CPU
		{B9E91D2A-B189-4FB8-9954-EC500B867912}.ReleaseAndroidLite|iPhoneSimulator.ActiveCfg = ReleaseAndroidLite|Any CPU
		{B9E91D2A-B189-4FB8-9954-EC500B867912}.ReleaseAndroidLite|iPhoneSimulator.Build.0 = ReleaseAndroidLite|Any CPU
		{B9E91D2A-B189-4FB8-9954-EC500B867912}.ReleaseiOS|Any CPU.ActiveCfg = ReleaseiOS|Any CPU
		{B9E91D2A-B189-4FB8-9954-EC500B867912}.ReleaseiOS|Any CPU.Build.0 = ReleaseiOS|Any CPU
		{B9E91D2A-B189-4FB8-9954-EC500B867912}.ReleaseiOS|iPhone.ActiveCfg = ReleaseiOS|Any CPU
		{B9E91D2A-B189-4FB8-9954-EC500B867912}.ReleaseiOS|iPhone.Build.0 = ReleaseiOS|Any CPU
		{B9E91D2A-B189-4FB8-9954-EC500B867912}.ReleaseiOS|iPhoneSimulator.ActiveCfg = ReleaseiOS|Any CPU
		{B9E91D2A-B189-4FB8-9954-EC500B867912}.ReleaseiOS|iPhoneSimulator.Build.0 = ReleaseiOS|Any CPU
		{B9E91D2A-B189-4FB8-9954-EC500B867912}.ReleaseLiteiOS|Any CPU.ActiveCfg = ReleaseLiteiOS|Any CPU
		{B9E91D2A-B189-4FB8-9954-EC500B867912}.ReleaseLiteiOS|Any CPU.Build.0 = ReleaseLiteiOS|Any CPU
		{B9E91D2A-B189-4FB8-9954-EC500B867912}.ReleaseLiteiOS|iPhone.ActiveCfg = ReleaseLiteiOS|Any CPU
		{B9E91D2A-B189-4FB8-9954-EC500B867912}.ReleaseLiteiOS|iPhone.Build.0 = ReleaseLiteiOS|Any CPU
		{B9E91D2A-B189-4FB8-9954-EC500B867912}.ReleaseLiteiOS|iPhoneSimulator.ActiveCfg = ReleaseLiteiOS|Any CPU
		{B9E91D2A-B189-4FB8-9954-EC500B867912}.ReleaseLiteiOS|iPhoneSimulator.Build.0 = ReleaseLiteiOS|Any CPU
	EndGlobalSection
	GlobalSection(SolutionProperties) = preSolution
		HideSolutionNode = FALSE
	EndGlobalSection
	GlobalSection(ExtensibilityGlobals) = postSolution
		SolutionGuid = {F9BD13E1-D1AA-4B9F-A7A9-89A8E67F7EC3}
	EndGlobalSection
EndGlobal
