
Microsoft Visual Studio Solution File, Format Version 12.00
# Visual Studio 15
VisualStudioVersion = 15.0.27130.2010
MinimumVisualStudioVersion = 10.0.40219.1
Project("{9A19103F-16F7-4668-BE54-9A1E7A4F7556}") = "MineChatAPI", "MineChatAPI\MineChatAPI.csproj", "{AB13EFAA-79C4-41FC-93E8-2E308569D7E7}"
EndProject
Project("{FAE04EC0-301F-11D3-BF4B-00C04F79EFBC}") = "MineChat.Android", "..\MineChat\MineChat.Android\MineChat.Android.csproj", "{9367C6D8-27A2-4EDC-8C51-44B1DE2A7209}"
EndProject
Project("{FAE04EC0-301F-11D3-BF4B-00C04F79EFBC}") = "MineChat.iOS", "..\MineChat\MineChat.iOS\MineChat.iOS.csproj", "{91939AE6-5EFC-498F-9A7E-33D7406B89C4}"
EndProject
Project("{FAE04EC0-301F-11D3-BF4B-00C04F79EFBC}") = "MineChat.UWP", "..\MineChat\MineChat.UWP\MineChat.UWP.csproj", "{B8D12F61-4972-4E48-9515-4063DCDF6458}"
EndProject
Project("{9A19103F-16F7-4668-BE54-9A1E7A4F7556}") = "MineChat", "..\MineChat\MineChat\MineChat.csproj", "{8E495832-AFBE-42C8-93DC-A62FEDBF880C}"
EndProject
Global
	GlobalSection(SolutionConfigurationPlatforms) = preSolution
		Ad-Hoc|Any CPU = Ad-Hoc|Any CPU
		Ad-Hoc|ARM = Ad-Hoc|ARM
		Ad-Hoc|iPhone = Ad-Hoc|iPhone
		Ad-Hoc|iPhoneSimulator = Ad-Hoc|iPhoneSimulator
		Ad-Hoc|x64 = Ad-Hoc|x64
		Ad-Hoc|x86 = Ad-Hoc|x86
		AppStore|Any CPU = AppStore|Any CPU
		AppStore|ARM = AppStore|ARM
		AppStore|iPhone = AppStore|iPhone
		AppStore|iPhoneSimulator = AppStore|iPhoneSimulator
		AppStore|x64 = AppStore|x64
		AppStore|x86 = AppStore|x86
		Debug|Any CPU = Debug|Any CPU
		Debug|ARM = Debug|ARM
		Debug|iPhone = Debug|iPhone
		Debug|iPhoneSimulator = Debug|iPhoneSimulator
		Debug|x64 = Debug|x64
		Debug|x86 = Debug|x86
		Release|Any CPU = Release|Any CPU
		Release|ARM = Release|ARM
		Release|iPhone = Release|iPhone
		Release|iPhoneSimulator = Release|iPhoneSimulator
		Release|x64 = Release|x64
		Release|x86 = Release|x86
	EndGlobalSection
	GlobalSection(ProjectConfigurationPlatforms) = postSolution
		{AB13EFAA-79C4-41FC-93E8-2E308569D7E7}.Ad-Hoc|Any CPU.ActiveCfg = Release|Any CPU
		{AB13EFAA-79C4-41FC-93E8-2E308569D7E7}.Ad-Hoc|Any CPU.Build.0 = Release|Any CPU
		{AB13EFAA-79C4-41FC-93E8-2E308569D7E7}.Ad-Hoc|ARM.ActiveCfg = Release|Any CPU
		{AB13EFAA-79C4-41FC-93E8-2E308569D7E7}.Ad-Hoc|ARM.Build.0 = Release|Any CPU
		{AB13EFAA-79C4-41FC-93E8-2E308569D7E7}.Ad-Hoc|iPhone.ActiveCfg = Release|Any CPU
		{AB13EFAA-79C4-41FC-93E8-2E308569D7E7}.Ad-Hoc|iPhone.Build.0 = Release|Any CPU
		{AB13EFAA-79C4-41FC-93E8-2E308569D7E7}.Ad-Hoc|iPhoneSimulator.ActiveCfg = Release|Any CPU
		{AB13EFAA-79C4-41FC-93E8-2E308569D7E7}.Ad-Hoc|iPhoneSimulator.Build.0 = Release|Any CPU
		{AB13EFAA-79C4-41FC-93E8-2E308569D7E7}.Ad-Hoc|x64.ActiveCfg = Release|Any CPU
		{AB13EFAA-79C4-41FC-93E8-2E308569D7E7}.Ad-Hoc|x64.Build.0 = Release|Any CPU
		{AB13EFAA-79C4-41FC-93E8-2E308569D7E7}.Ad-Hoc|x86.ActiveCfg = Release|Any CPU
		{AB13EFAA-79C4-41FC-93E8-2E308569D7E7}.Ad-Hoc|x86.Build.0 = Release|Any CPU
		{AB13EFAA-79C4-41FC-93E8-2E308569D7E7}.AppStore|Any CPU.ActiveCfg = Release|Any CPU
		{AB13EFAA-79C4-41FC-93E8-2E308569D7E7}.AppStore|Any CPU.Build.0 = Release|Any CPU
		{AB13EFAA-79C4-41FC-93E8-2E308569D7E7}.AppStore|ARM.ActiveCfg = Release|Any CPU
		{AB13EFAA-79C4-41FC-93E8-2E308569D7E7}.AppStore|ARM.Build.0 = Release|Any CPU
		{AB13EFAA-79C4-41FC-93E8-2E308569D7E7}.AppStore|iPhone.ActiveCfg = Release|Any CPU
		{AB13EFAA-79C4-41FC-93E8-2E308569D7E7}.AppStore|iPhone.Build.0 = Release|Any CPU
		{AB13EFAA-79C4-41FC-93E8-2E308569D7E7}.AppStore|iPhoneSimulator.ActiveCfg = Release|Any CPU
		{AB13EFAA-79C4-41FC-93E8-2E308569D7E7}.AppStore|iPhoneSimulator.Build.0 = Release|Any CPU
		{AB13EFAA-79C4-41FC-93E8-2E308569D7E7}.AppStore|x64.ActiveCfg = Release|Any CPU
		{AB13EFAA-79C4-41FC-93E8-2E308569D7E7}.AppStore|x64.Build.0 = Release|Any CPU
		{AB13EFAA-79C4-41FC-93E8-2E308569D7E7}.AppStore|x86.ActiveCfg = Release|Any CPU
		{AB13EFAA-79C4-41FC-93E8-2E308569D7E7}.AppStore|x86.Build.0 = Release|Any CPU
		{AB13EFAA-79C4-41FC-93E8-2E308569D7E7}.Debug|Any CPU.ActiveCfg = Debug|Any CPU
		{AB13EFAA-79C4-41FC-93E8-2E308569D7E7}.Debug|Any CPU.Build.0 = Debug|Any CPU
		{AB13EFAA-79C4-41FC-93E8-2E308569D7E7}.Debug|ARM.ActiveCfg = Debug|Any CPU
		{AB13EFAA-79C4-41FC-93E8-2E308569D7E7}.Debug|ARM.Build.0 = Debug|Any CPU
		{AB13EFAA-79C4-41FC-93E8-2E308569D7E7}.Debug|iPhone.ActiveCfg = Debug|Any CPU
		{AB13EFAA-79C4-41FC-93E8-2E308569D7E7}.Debug|iPhone.Build.0 = Debug|Any CPU
		{AB13EFAA-79C4-41FC-93E8-2E308569D7E7}.Debug|iPhoneSimulator.ActiveCfg = Debug|Any CPU
		{AB13EFAA-79C4-41FC-93E8-2E308569D7E7}.Debug|iPhoneSimulator.Build.0 = Debug|Any CPU
		{AB13EFAA-79C4-41FC-93E8-2E308569D7E7}.Debug|x64.ActiveCfg = Debug|Any CPU
		{AB13EFAA-79C4-41FC-93E8-2E308569D7E7}.Debug|x64.Build.0 = Debug|Any CPU
		{AB13EFAA-79C4-41FC-93E8-2E308569D7E7}.Debug|x86.ActiveCfg = Debug|Any CPU
		{AB13EFAA-79C4-41FC-93E8-2E308569D7E7}.Debug|x86.Build.0 = Debug|Any CPU
		{AB13EFAA-79C4-41FC-93E8-2E308569D7E7}.Release|Any CPU.ActiveCfg = Release|Any CPU
		{AB13EFAA-79C4-41FC-93E8-2E308569D7E7}.Release|Any CPU.Build.0 = Release|Any CPU
		{AB13EFAA-79C4-41FC-93E8-2E308569D7E7}.Release|ARM.ActiveCfg = Release|Any CPU
		{AB13EFAA-79C4-41FC-93E8-2E308569D7E7}.Release|ARM.Build.0 = Release|Any CPU
		{AB13EFAA-79C4-41FC-93E8-2E308569D7E7}.Release|iPhone.ActiveCfg = Release|Any CPU
		{AB13EFAA-79C4-41FC-93E8-2E308569D7E7}.Release|iPhone.Build.0 = Release|Any CPU
		{AB13EFAA-79C4-41FC-93E8-2E308569D7E7}.Release|iPhoneSimulator.ActiveCfg = Release|Any CPU
		{AB13EFAA-79C4-41FC-93E8-2E308569D7E7}.Release|iPhoneSimulator.Build.0 = Release|Any CPU
		{AB13EFAA-79C4-41FC-93E8-2E308569D7E7}.Release|x64.ActiveCfg = Release|Any CPU
		{AB13EFAA-79C4-41FC-93E8-2E308569D7E7}.Release|x64.Build.0 = Release|Any CPU
		{AB13EFAA-79C4-41FC-93E8-2E308569D7E7}.Release|x86.ActiveCfg = Release|Any CPU
		{AB13EFAA-79C4-41FC-93E8-2E308569D7E7}.Release|x86.Build.0 = Release|Any CPU
		{9367C6D8-27A2-4EDC-8C51-44B1DE2A7209}.Ad-Hoc|Any CPU.ActiveCfg = Release|Any CPU
		{9367C6D8-27A2-4EDC-8C51-44B1DE2A7209}.Ad-Hoc|Any CPU.Build.0 = Release|Any CPU
		{9367C6D8-27A2-4EDC-8C51-44B1DE2A7209}.Ad-Hoc|Any CPU.Deploy.0 = Release|Any CPU
		{9367C6D8-27A2-4EDC-8C51-44B1DE2A7209}.Ad-Hoc|ARM.ActiveCfg = Release|Any CPU
		{9367C6D8-27A2-4EDC-8C51-44B1DE2A7209}.Ad-Hoc|ARM.Build.0 = Release|Any CPU
		{9367C6D8-27A2-4EDC-8C51-44B1DE2A7209}.Ad-Hoc|ARM.Deploy.0 = Release|Any CPU
		{9367C6D8-27A2-4EDC-8C51-44B1DE2A7209}.Ad-Hoc|iPhone.ActiveCfg = Release|Any CPU
		{9367C6D8-27A2-4EDC-8C51-44B1DE2A7209}.Ad-Hoc|iPhone.Build.0 = Release|Any CPU
		{9367C6D8-27A2-4EDC-8C51-44B1DE2A7209}.Ad-Hoc|iPhone.Deploy.0 = Release|Any CPU
		{9367C6D8-27A2-4EDC-8C51-44B1DE2A7209}.Ad-Hoc|iPhoneSimulator.ActiveCfg = Release|Any CPU
		{9367C6D8-27A2-4EDC-8C51-44B1DE2A7209}.Ad-Hoc|iPhoneSimulator.Build.0 = Release|Any CPU
		{9367C6D8-27A2-4EDC-8C51-44B1DE2A7209}.Ad-Hoc|iPhoneSimulator.Deploy.0 = Release|Any CPU
		{9367C6D8-27A2-4EDC-8C51-44B1DE2A7209}.Ad-Hoc|x64.ActiveCfg = Release|Any CPU
		{9367C6D8-27A2-4EDC-8C51-44B1DE2A7209}.Ad-Hoc|x64.Build.0 = Release|Any CPU
		{9367C6D8-27A2-4EDC-8C51-44B1DE2A7209}.Ad-Hoc|x64.Deploy.0 = Release|Any CPU
		{9367C6D8-27A2-4EDC-8C51-44B1DE2A7209}.Ad-Hoc|x86.ActiveCfg = Release|Any CPU
		{9367C6D8-27A2-4EDC-8C51-44B1DE2A7209}.Ad-Hoc|x86.Build.0 = Release|Any CPU
		{9367C6D8-27A2-4EDC-8C51-44B1DE2A7209}.Ad-Hoc|x86.Deploy.0 = Release|Any CPU
		{9367C6D8-27A2-4EDC-8C51-44B1DE2A7209}.AppStore|Any CPU.ActiveCfg = Release|Any CPU
		{9367C6D8-27A2-4EDC-8C51-44B1DE2A7209}.AppStore|Any CPU.Build.0 = Release|Any CPU
		{9367C6D8-27A2-4EDC-8C51-44B1DE2A7209}.AppStore|Any CPU.Deploy.0 = Release|Any CPU
		{9367C6D8-27A2-4EDC-8C51-44B1DE2A7209}.AppStore|ARM.ActiveCfg = Release|Any CPU
		{9367C6D8-27A2-4EDC-8C51-44B1DE2A7209}.AppStore|ARM.Build.0 = Release|Any CPU
		{9367C6D8-27A2-4EDC-8C51-44B1DE2A7209}.AppStore|ARM.Deploy.0 = Release|Any CPU
		{9367C6D8-27A2-4EDC-8C51-44B1DE2A7209}.AppStore|iPhone.ActiveCfg = Release|Any CPU
		{9367C6D8-27A2-4EDC-8C51-44B1DE2A7209}.AppStore|iPhone.Build.0 = Release|Any CPU
		{9367C6D8-27A2-4EDC-8C51-44B1DE2A7209}.AppStore|iPhone.Deploy.0 = Release|Any CPU
		{9367C6D8-27A2-4EDC-8C51-44B1DE2A7209}.AppStore|iPhoneSimulator.ActiveCfg = Release|Any CPU
		{9367C6D8-27A2-4EDC-8C51-44B1DE2A7209}.AppStore|iPhoneSimulator.Build.0 = Release|Any CPU
		{9367C6D8-27A2-4EDC-8C51-44B1DE2A7209}.AppStore|iPhoneSimulator.Deploy.0 = Release|Any CPU
		{9367C6D8-27A2-4EDC-8C51-44B1DE2A7209}.AppStore|x64.ActiveCfg = Release|Any CPU
		{9367C6D8-27A2-4EDC-8C51-44B1DE2A7209}.AppStore|x64.Build.0 = Release|Any CPU
		{9367C6D8-27A2-4EDC-8C51-44B1DE2A7209}.AppStore|x64.Deploy.0 = Release|Any CPU
		{9367C6D8-27A2-4EDC-8C51-44B1DE2A7209}.AppStore|x86.ActiveCfg = Release|Any CPU
		{9367C6D8-27A2-4EDC-8C51-44B1DE2A7209}.AppStore|x86.Build.0 = Release|Any CPU
		{9367C6D8-27A2-4EDC-8C51-44B1DE2A7209}.AppStore|x86.Deploy.0 = Release|Any CPU
		{9367C6D8-27A2-4EDC-8C51-44B1DE2A7209}.Debug|Any CPU.ActiveCfg = Debug|Any CPU
		{9367C6D8-27A2-4EDC-8C51-44B1DE2A7209}.Debug|Any CPU.Build.0 = Debug|Any CPU
		{9367C6D8-27A2-4EDC-8C51-44B1DE2A7209}.Debug|Any CPU.Deploy.0 = Debug|Any CPU
		{9367C6D8-27A2-4EDC-8C51-44B1DE2A7209}.Debug|ARM.ActiveCfg = Debug|Any CPU
		{9367C6D8-27A2-4EDC-8C51-44B1DE2A7209}.Debug|ARM.Build.0 = Debug|Any CPU
		{9367C6D8-27A2-4EDC-8C51-44B1DE2A7209}.Debug|ARM.Deploy.0 = Debug|Any CPU
		{9367C6D8-27A2-4EDC-8C51-44B1DE2A7209}.Debug|iPhone.ActiveCfg = Debug|Any CPU
		{9367C6D8-27A2-4EDC-8C51-44B1DE2A7209}.Debug|iPhone.Build.0 = Debug|Any CPU
		{9367C6D8-27A2-4EDC-8C51-44B1DE2A7209}.Debug|iPhone.Deploy.0 = Debug|Any CPU
		{9367C6D8-27A2-4EDC-8C51-44B1DE2A7209}.Debug|iPhoneSimulator.ActiveCfg = Debug|Any CPU
		{9367C6D8-27A2-4EDC-8C51-44B1DE2A7209}.Debug|iPhoneSimulator.Build.0 = Debug|Any CPU
		{9367C6D8-27A2-4EDC-8C51-44B1DE2A7209}.Debug|iPhoneSimulator.Deploy.0 = Debug|Any CPU
		{9367C6D8-27A2-4EDC-8C51-44B1DE2A7209}.Debug|x64.ActiveCfg = Debug|Any CPU
		{9367C6D8-27A2-4EDC-8C51-44B1DE2A7209}.Debug|x64.Build.0 = Debug|Any CPU
		{9367C6D8-27A2-4EDC-8C51-44B1DE2A7209}.Debug|x64.Deploy.0 = Debug|Any CPU
		{9367C6D8-27A2-4EDC-8C51-44B1DE2A7209}.Debug|x86.ActiveCfg = Debug|Any CPU
		{9367C6D8-27A2-4EDC-8C51-44B1DE2A7209}.Debug|x86.Build.0 = Debug|Any CPU
		{9367C6D8-27A2-4EDC-8C51-44B1DE2A7209}.Debug|x86.Deploy.0 = Debug|Any CPU
		{9367C6D8-27A2-4EDC-8C51-44B1DE2A7209}.Release|Any CPU.ActiveCfg = Release|Any CPU
		{9367C6D8-27A2-4EDC-8C51-44B1DE2A7209}.Release|Any CPU.Build.0 = Release|Any CPU
		{9367C6D8-27A2-4EDC-8C51-44B1DE2A7209}.Release|Any CPU.Deploy.0 = Release|Any CPU
		{9367C6D8-27A2-4EDC-8C51-44B1DE2A7209}.Release|ARM.ActiveCfg = Release|Any CPU
		{9367C6D8-27A2-4EDC-8C51-44B1DE2A7209}.Release|ARM.Build.0 = Release|Any CPU
		{9367C6D8-27A2-4EDC-8C51-44B1DE2A7209}.Release|ARM.Deploy.0 = Release|Any CPU
		{9367C6D8-27A2-4EDC-8C51-44B1DE2A7209}.Release|iPhone.ActiveCfg = Release|Any CPU
		{9367C6D8-27A2-4EDC-8C51-44B1DE2A7209}.Release|iPhone.Build.0 = Release|Any CPU
		{9367C6D8-27A2-4EDC-8C51-44B1DE2A7209}.Release|iPhone.Deploy.0 = Release|Any CPU
		{9367C6D8-27A2-4EDC-8C51-44B1DE2A7209}.Release|iPhoneSimulator.ActiveCfg = Release|Any CPU
		{9367C6D8-27A2-4EDC-8C51-44B1DE2A7209}.Release|iPhoneSimulator.Build.0 = Release|Any CPU
		{9367C6D8-27A2-4EDC-8C51-44B1DE2A7209}.Release|iPhoneSimulator.Deploy.0 = Release|Any CPU
		{9367C6D8-27A2-4EDC-8C51-44B1DE2A7209}.Release|x64.ActiveCfg = Release|Any CPU
		{9367C6D8-27A2-4EDC-8C51-44B1DE2A7209}.Release|x64.Build.0 = Release|Any CPU
		{9367C6D8-27A2-4EDC-8C51-44B1DE2A7209}.Release|x64.Deploy.0 = Release|Any CPU
		{9367C6D8-27A2-4EDC-8C51-44B1DE2A7209}.Release|x86.ActiveCfg = Release|Any CPU
		{9367C6D8-27A2-4EDC-8C51-44B1DE2A7209}.Release|x86.Build.0 = Release|Any CPU
		{9367C6D8-27A2-4EDC-8C51-44B1DE2A7209}.Release|x86.Deploy.0 = Release|Any CPU
		{91939AE6-5EFC-498F-9A7E-33D7406B89C4}.Ad-Hoc|Any CPU.ActiveCfg = Ad-Hoc|iPhone
		{91939AE6-5EFC-498F-9A7E-33D7406B89C4}.Ad-Hoc|ARM.ActiveCfg = Ad-Hoc|iPhone
		{91939AE6-5EFC-498F-9A7E-33D7406B89C4}.Ad-Hoc|iPhone.ActiveCfg = Ad-Hoc|iPhone
		{91939AE6-5EFC-498F-9A7E-33D7406B89C4}.Ad-Hoc|iPhone.Build.0 = Ad-Hoc|iPhone
		{91939AE6-5EFC-498F-9A7E-33D7406B89C4}.Ad-Hoc|iPhoneSimulator.ActiveCfg = Ad-Hoc|iPhoneSimulator
		{91939AE6-5EFC-498F-9A7E-33D7406B89C4}.Ad-Hoc|iPhoneSimulator.Build.0 = Ad-Hoc|iPhoneSimulator
		{91939AE6-5EFC-498F-9A7E-33D7406B89C4}.Ad-Hoc|x64.ActiveCfg = Ad-Hoc|iPhone
		{91939AE6-5EFC-498F-9A7E-33D7406B89C4}.Ad-Hoc|x86.ActiveCfg = Ad-Hoc|iPhone
		{91939AE6-5EFC-498F-9A7E-33D7406B89C4}.AppStore|Any CPU.ActiveCfg = AppStore|iPhone
		{91939AE6-5EFC-498F-9A7E-33D7406B89C4}.AppStore|ARM.ActiveCfg = AppStore|iPhone
		{91939AE6-5EFC-498F-9A7E-33D7406B89C4}.AppStore|iPhone.ActiveCfg = AppStore|iPhone
		{91939AE6-5EFC-498F-9A7E-33D7406B89C4}.AppStore|iPhone.Build.0 = AppStore|iPhone
		{91939AE6-5EFC-498F-9A7E-33D7406B89C4}.AppStore|iPhoneSimulator.ActiveCfg = AppStore|iPhoneSimulator
		{91939AE6-5EFC-498F-9A7E-33D7406B89C4}.AppStore|iPhoneSimulator.Build.0 = AppStore|iPhoneSimulator
		{91939AE6-5EFC-498F-9A7E-33D7406B89C4}.AppStore|x64.ActiveCfg = AppStore|iPhone
		{91939AE6-5EFC-498F-9A7E-33D7406B89C4}.AppStore|x86.ActiveCfg = AppStore|iPhone
		{91939AE6-5EFC-498F-9A7E-33D7406B89C4}.Debug|Any CPU.ActiveCfg = Debug|iPhone
		{91939AE6-5EFC-498F-9A7E-33D7406B89C4}.Debug|ARM.ActiveCfg = Debug|iPhone
		{91939AE6-5EFC-498F-9A7E-33D7406B89C4}.Debug|iPhone.ActiveCfg = Debug|iPhone
		{91939AE6-5EFC-498F-9A7E-33D7406B89C4}.Debug|iPhone.Build.0 = Debug|iPhone
		{91939AE6-5EFC-498F-9A7E-33D7406B89C4}.Debug|iPhoneSimulator.ActiveCfg = Debug|iPhoneSimulator
		{91939AE6-5EFC-498F-9A7E-33D7406B89C4}.Debug|iPhoneSimulator.Build.0 = Debug|iPhoneSimulator
		{91939AE6-5EFC-498F-9A7E-33D7406B89C4}.Debug|x64.ActiveCfg = Debug|iPhone
		{91939AE6-5EFC-498F-9A7E-33D7406B89C4}.Debug|x86.ActiveCfg = Debug|iPhone
		{91939AE6-5EFC-498F-9A7E-33D7406B89C4}.Release|Any CPU.ActiveCfg = Release|iPhone
		{91939AE6-5EFC-498F-9A7E-33D7406B89C4}.Release|ARM.ActiveCfg = Release|iPhone
		{91939AE6-5EFC-498F-9A7E-33D7406B89C4}.Release|iPhone.ActiveCfg = Release|iPhone
		{91939AE6-5EFC-498F-9A7E-33D7406B89C4}.Release|iPhone.Build.0 = Release|iPhone
		{91939AE6-5EFC-498F-9A7E-33D7406B89C4}.Release|iPhoneSimulator.ActiveCfg = Release|iPhoneSimulator
		{91939AE6-5EFC-498F-9A7E-33D7406B89C4}.Release|iPhoneSimulator.Build.0 = Release|iPhoneSimulator
		{91939AE6-5EFC-498F-9A7E-33D7406B89C4}.Release|x64.ActiveCfg = Release|iPhone
		{91939AE6-5EFC-498F-9A7E-33D7406B89C4}.Release|x86.ActiveCfg = Release|iPhone
		{B8D12F61-4972-4E48-9515-4063DCDF6458}.Ad-Hoc|Any CPU.ActiveCfg = Release|x86
		{B8D12F61-4972-4E48-9515-4063DCDF6458}.Ad-Hoc|Any CPU.Build.0 = Release|x86
		{B8D12F61-4972-4E48-9515-4063DCDF6458}.Ad-Hoc|Any CPU.Deploy.0 = Release|x86
		{B8D12F61-4972-4E48-9515-4063DCDF6458}.Ad-Hoc|ARM.ActiveCfg = Release|ARM
		{B8D12F61-4972-4E48-9515-4063DCDF6458}.Ad-Hoc|ARM.Build.0 = Release|ARM
		{B8D12F61-4972-4E48-9515-4063DCDF6458}.Ad-Hoc|ARM.Deploy.0 = Release|ARM
		{B8D12F61-4972-4E48-9515-4063DCDF6458}.Ad-Hoc|iPhone.ActiveCfg = Release|x86
		{B8D12F61-4972-4E48-9515-4063DCDF6458}.Ad-Hoc|iPhone.Build.0 = Release|x86
		{B8D12F61-4972-4E48-9515-4063DCDF6458}.Ad-Hoc|iPhone.Deploy.0 = Release|x86
		{B8D12F61-4972-4E48-9515-4063DCDF6458}.Ad-Hoc|iPhoneSimulator.ActiveCfg = Release|x86
		{B8D12F61-4972-4E48-9515-4063DCDF6458}.Ad-Hoc|iPhoneSimulator.Build.0 = Release|x86
		{B8D12F61-4972-4E48-9515-4063DCDF6458}.Ad-Hoc|iPhoneSimulator.Deploy.0 = Release|x86
		{B8D12F61-4972-4E48-9515-4063DCDF6458}.Ad-Hoc|x64.ActiveCfg = Release|x64
		{B8D12F61-4972-4E48-9515-4063DCDF6458}.Ad-Hoc|x64.Build.0 = Release|x64
		{B8D12F61-4972-4E48-9515-4063DCDF6458}.Ad-Hoc|x64.Deploy.0 = Release|x64
		{B8D12F61-4972-4E48-9515-4063DCDF6458}.Ad-Hoc|x86.ActiveCfg = Release|x86
		{B8D12F61-4972-4E48-9515-4063DCDF6458}.Ad-Hoc|x86.Build.0 = Release|x86
		{B8D12F61-4972-4E48-9515-4063DCDF6458}.Ad-Hoc|x86.Deploy.0 = Release|x86
		{B8D12F61-4972-4E48-9515-4063DCDF6458}.AppStore|Any CPU.ActiveCfg = Release|x86
		{B8D12F61-4972-4E48-9515-4063DCDF6458}.AppStore|Any CPU.Build.0 = Release|x86
		{B8D12F61-4972-4E48-9515-4063DCDF6458}.AppStore|Any CPU.Deploy.0 = Release|x86
		{B8D12F61-4972-4E48-9515-4063DCDF6458}.AppStore|ARM.ActiveCfg = Release|ARM
		{B8D12F61-4972-4E48-9515-4063DCDF6458}.AppStore|ARM.Build.0 = Release|ARM
		{B8D12F61-4972-4E48-9515-4063DCDF6458}.AppStore|ARM.Deploy.0 = Release|ARM
		{B8D12F61-4972-4E48-9515-4063DCDF6458}.AppStore|iPhone.ActiveCfg = Release|x86
		{B8D12F61-4972-4E48-9515-4063DCDF6458}.AppStore|iPhone.Build.0 = Release|x86
		{B8D12F61-4972-4E48-9515-4063DCDF6458}.AppStore|iPhone.Deploy.0 = Release|x86
		{B8D12F61-4972-4E48-9515-4063DCDF6458}.AppStore|iPhoneSimulator.ActiveCfg = Release|x86
		{B8D12F61-4972-4E48-9515-4063DCDF6458}.AppStore|iPhoneSimulator.Build.0 = Release|x86
		{B8D12F61-4972-4E48-9515-4063DCDF6458}.AppStore|iPhoneSimulator.Deploy.0 = Release|x86
		{B8D12F61-4972-4E48-9515-4063DCDF6458}.AppStore|x64.ActiveCfg = Release|x64
		{B8D12F61-4972-4E48-9515-4063DCDF6458}.AppStore|x64.Build.0 = Release|x64
		{B8D12F61-4972-4E48-9515-4063DCDF6458}.AppStore|x64.Deploy.0 = Release|x64
		{B8D12F61-4972-4E48-9515-4063DCDF6458}.AppStore|x86.ActiveCfg = Release|x86
		{B8D12F61-4972-4E48-9515-4063DCDF6458}.AppStore|x86.Build.0 = Release|x86
		{B8D12F61-4972-4E48-9515-4063DCDF6458}.AppStore|x86.Deploy.0 = Release|x86
		{B8D12F61-4972-4E48-9515-4063DCDF6458}.Debug|Any CPU.ActiveCfg = Debug|x86
		{B8D12F61-4972-4E48-9515-4063DCDF6458}.Debug|ARM.ActiveCfg = Debug|ARM
		{B8D12F61-4972-4E48-9515-4063DCDF6458}.Debug|ARM.Build.0 = Debug|ARM
		{B8D12F61-4972-4E48-9515-4063DCDF6458}.Debug|ARM.Deploy.0 = Debug|ARM
		{B8D12F61-4972-4E48-9515-4063DCDF6458}.Debug|iPhone.ActiveCfg = Debug|x86
		{B8D12F61-4972-4E48-9515-4063DCDF6458}.Debug|iPhoneSimulator.ActiveCfg = Debug|x86
		{B8D12F61-4972-4E48-9515-4063DCDF6458}.Debug|x64.ActiveCfg = Debug|x64
		{B8D12F61-4972-4E48-9515-4063DCDF6458}.Debug|x64.Build.0 = Debug|x64
		{B8D12F61-4972-4E48-9515-4063DCDF6458}.Debug|x64.Deploy.0 = Debug|x64
		{B8D12F61-4972-4E48-9515-4063DCDF6458}.Debug|x86.ActiveCfg = Debug|x86
		{B8D12F61-4972-4E48-9515-4063DCDF6458}.Debug|x86.Build.0 = Debug|x86
		{B8D12F61-4972-4E48-9515-4063DCDF6458}.Debug|x86.Deploy.0 = Debug|x86
		{B8D12F61-4972-4E48-9515-4063DCDF6458}.Release|Any CPU.ActiveCfg = Release|x86
		{B8D12F61-4972-4E48-9515-4063DCDF6458}.Release|ARM.ActiveCfg = Release|ARM
		{B8D12F61-4972-4E48-9515-4063DCDF6458}.Release|ARM.Build.0 = Release|ARM
		{B8D12F61-4972-4E48-9515-4063DCDF6458}.Release|ARM.Deploy.0 = Release|ARM
		{B8D12F61-4972-4E48-9515-4063DCDF6458}.Release|iPhone.ActiveCfg = Release|x86
		{B8D12F61-4972-4E48-9515-4063DCDF6458}.Release|iPhoneSimulator.ActiveCfg = Release|x86
		{B8D12F61-4972-4E48-9515-4063DCDF6458}.Release|x64.ActiveCfg = Release|x64
		{B8D12F61-4972-4E48-9515-4063DCDF6458}.Release|x64.Build.0 = Release|x64
		{B8D12F61-4972-4E48-9515-4063DCDF6458}.Release|x64.Deploy.0 = Release|x64
		{B8D12F61-4972-4E48-9515-4063DCDF6458}.Release|x86.ActiveCfg = Release|x86
		{B8D12F61-4972-4E48-9515-4063DCDF6458}.Release|x86.Build.0 = Release|x86
		{B8D12F61-4972-4E48-9515-4063DCDF6458}.Release|x86.Deploy.0 = Release|x86
		{8E495832-AFBE-42C8-93DC-A62FEDBF880C}.Ad-Hoc|Any CPU.ActiveCfg = Debug|Any CPU
		{8E495832-AFBE-42C8-93DC-A62FEDBF880C}.Ad-Hoc|Any CPU.Build.0 = Debug|Any CPU
		{8E495832-AFBE-42C8-93DC-A62FEDBF880C}.Ad-Hoc|ARM.ActiveCfg = Debug|Any CPU
		{8E495832-AFBE-42C8-93DC-A62FEDBF880C}.Ad-Hoc|ARM.Build.0 = Debug|Any CPU
		{8E495832-AFBE-42C8-93DC-A62FEDBF880C}.Ad-Hoc|iPhone.ActiveCfg = Debug|Any CPU
		{8E495832-AFBE-42C8-93DC-A62FEDBF880C}.Ad-Hoc|iPhone.Build.0 = Debug|Any CPU
		{8E495832-AFBE-42C8-93DC-A62FEDBF880C}.Ad-Hoc|iPhoneSimulator.ActiveCfg = Debug|Any CPU
		{8E495832-AFBE-42C8-93DC-A62FEDBF880C}.Ad-Hoc|iPhoneSimulator.Build.0 = Debug|Any CPU
		{8E495832-AFBE-42C8-93DC-A62FEDBF880C}.Ad-Hoc|x64.ActiveCfg = Debug|Any CPU
		{8E495832-AFBE-42C8-93DC-A62FEDBF880C}.Ad-Hoc|x64.Build.0 = Debug|Any CPU
		{8E495832-AFBE-42C8-93DC-A62FEDBF880C}.Ad-Hoc|x86.ActiveCfg = Debug|Any CPU
		{8E495832-AFBE-42C8-93DC-A62FEDBF880C}.Ad-Hoc|x86.Build.0 = Debug|Any CPU
		{8E495832-AFBE-42C8-93DC-A62FEDBF880C}.AppStore|Any CPU.ActiveCfg = Debug|Any CPU
		{8E495832-AFBE-42C8-93DC-A62FEDBF880C}.AppStore|Any CPU.Build.0 = Debug|Any CPU
		{8E495832-AFBE-42C8-93DC-A62FEDBF880C}.AppStore|ARM.ActiveCfg = Debug|Any CPU
		{8E495832-AFBE-42C8-93DC-A62FEDBF880C}.AppStore|ARM.Build.0 = Debug|Any CPU
		{8E495832-AFBE-42C8-93DC-A62FEDBF880C}.AppStore|iPhone.ActiveCfg = Debug|Any CPU
		{8E495832-AFBE-42C8-93DC-A62FEDBF880C}.AppStore|iPhone.Build.0 = Debug|Any CPU
		{8E495832-AFBE-42C8-93DC-A62FEDBF880C}.AppStore|iPhoneSimulator.ActiveCfg = Debug|Any CPU
		{8E495832-AFBE-42C8-93DC-A62FEDBF880C}.AppStore|iPhoneSimulator.Build.0 = Debug|Any CPU
		{8E495832-AFBE-42C8-93DC-A62FEDBF880C}.AppStore|x64.ActiveCfg = Debug|Any CPU
		{8E495832-AFBE-42C8-93DC-A62FEDBF880C}.AppStore|x64.Build.0 = Debug|Any CPU
		{8E495832-AFBE-42C8-93DC-A62FEDBF880C}.AppStore|x86.ActiveCfg = Debug|Any CPU
		{8E495832-AFBE-42C8-93DC-A62FEDBF880C}.AppStore|x86.Build.0 = Debug|Any CPU
		{8E495832-AFBE-42C8-93DC-A62FEDBF880C}.Debug|Any CPU.ActiveCfg = Debug|Any CPU
		{8E495832-AFBE-42C8-93DC-A62FEDBF880C}.Debug|Any CPU.Build.0 = Debug|Any CPU
		{8E495832-AFBE-42C8-93DC-A62FEDBF880C}.Debug|ARM.ActiveCfg = Debug|Any CPU
		{8E495832-AFBE-42C8-93DC-A62FEDBF880C}.Debug|ARM.Build.0 = Debug|Any CPU
		{8E495832-AFBE-42C8-93DC-A62FEDBF880C}.Debug|iPhone.ActiveCfg = Debug|Any CPU
		{8E495832-AFBE-42C8-93DC-A62FEDBF880C}.Debug|iPhone.Build.0 = Debug|Any CPU
		{8E495832-AFBE-42C8-93DC-A62FEDBF880C}.Debug|iPhoneSimulator.ActiveCfg = Debug|Any CPU
		{8E495832-AFBE-42C8-93DC-A62FEDBF880C}.Debug|iPhoneSimulator.Build.0 = Debug|Any CPU
		{8E495832-AFBE-42C8-93DC-A62FEDBF880C}.Debug|x64.ActiveCfg = Debug|Any CPU
		{8E495832-AFBE-42C8-93DC-A62FEDBF880C}.Debug|x64.Build.0 = Debug|Any CPU
		{8E495832-AFBE-42C8-93DC-A62FEDBF880C}.Debug|x86.ActiveCfg = Debug|Any CPU
		{8E495832-AFBE-42C8-93DC-A62FEDBF880C}.Debug|x86.Build.0 = Debug|Any CPU
		{8E495832-AFBE-42C8-93DC-A62FEDBF880C}.Release|Any CPU.ActiveCfg = Release|Any CPU
		{8E495832-AFBE-42C8-93DC-A62FEDBF880C}.Release|Any CPU.Build.0 = Release|Any CPU
		{8E495832-AFBE-42C8-93DC-A62FEDBF880C}.Release|ARM.ActiveCfg = Release|Any CPU
		{8E495832-AFBE-42C8-93DC-A62FEDBF880C}.Release|ARM.Build.0 = Release|Any CPU
		{8E495832-AFBE-42C8-93DC-A62FEDBF880C}.Release|iPhone.ActiveCfg = Release|Any CPU
		{8E495832-AFBE-42C8-93DC-A62FEDBF880C}.Release|iPhone.Build.0 = Release|Any CPU
		{8E495832-AFBE-42C8-93DC-A62FEDBF880C}.Release|iPhoneSimulator.ActiveCfg = Release|Any CPU
		{8E495832-AFBE-42C8-93DC-A62FEDBF880C}.Release|iPhoneSimulator.Build.0 = Release|Any CPU
		{8E495832-AFBE-42C8-93DC-A62FEDBF880C}.Release|x64.ActiveCfg = Release|Any CPU
		{8E495832-AFBE-42C8-93DC-A62FEDBF880C}.Release|x64.Build.0 = Release|Any CPU
		{8E495832-AFBE-42C8-93DC-A62FEDBF880C}.Release|x86.ActiveCfg = Release|Any CPU
		{8E495832-AFBE-42C8-93DC-A62FEDBF880C}.Release|x86.Build.0 = Release|Any CPU
	EndGlobalSection
	GlobalSection(SolutionProperties) = preSolution
		HideSolutionNode = FALSE
	EndGlobalSection
	GlobalSection(ExtensibilityGlobals) = postSolution
		SolutionGuid = {C6686363-990A-4DD6-B0D8-CF13C793AD00}
	EndGlobalSection
EndGlobal
